
Microsoft Visual Studio Solution File, Format Version 12.00
# Visual Studio Version 16
VisualStudioVersion = 16.0.29609.76
MinimumVisualStudioVersion = 10.0.40219.1
Project("{FAE04EC0-301F-11D3-BF4B-00C04F79EFBC}") = "Note", "Note\Note.csproj", "{1534EDCB-0908-48AB-9ED0-96B8B29B4320}"
EndProject
Project("{FAE04EC0-301F-11D3-BF4B-00C04F79EFBC}") = "NoteModelTests", "NoteModelTests\NoteModelTests.csproj", "{F5951F32-BAE4-4ED7-B192-2A14933D6EA2}"
EndProject
Global
	GlobalSection(SolutionConfigurationPlatforms) = preSolution
		Debug|Any CPU = Debug|Any CPU
		Release|Any CPU = Release|Any CPU
	EndGlobalSection
	GlobalSection(ProjectConfigurationPlatforms) = postSolution
		{1534EDCB-0908-48AB-9ED0-96B8B29B4320}.Debug|Any CPU.ActiveCfg = Debug|Any CPU
		{1534EDCB-0908-48AB-9ED0-96B8B29B4320}.Debug|Any CPU.Build.0 = Debug|Any CPU
		{1534EDCB-0908-48AB-9ED0-96B8B29B4320}.Release|Any CPU.ActiveCfg = Release|Any CPU
		{1534EDCB-0908-48AB-9ED0-96B8B29B4320}.Release|Any CPU.Build.0 = Release|Any CPU
		{F5951F32-BAE4-4ED7-B192-2A14933D6EA2}.Debug|Any CPU.ActiveCfg = Debug|Any CPU
		{F5951F32-BAE4-4ED7-B192-2A14933D6EA2}.Debug|Any CPU.Build.0 = Debug|Any CPU
		{F5951F32-BAE4-4ED7-B192-2A14933D6EA2}.Release|Any CPU.ActiveCfg = Release|Any CPU
		{F5951F32-BAE4-4ED7-B192-2A14933D6EA2}.Release|Any CPU.Build.0 = Release|Any CPU
	EndGlobalSection
	GlobalSection(SolutionProperties) = preSolution
		HideSolutionNode = FALSE
	EndGlobalSection
	GlobalSection(ExtensibilityGlobals) = postSolution
		SolutionGuid = {E4D8B795-140A-4832-BDBE-84A1097C75F7}
	EndGlobalSection
EndGlobal
